
Microsoft Visual Studio Solution File, Format Version 12.00
# Visual Studio 14
VisualStudioVersion = 14.0.24720.0
MinimumVisualStudioVersion = 10.0.40219.1
Project("{FAE04EC0-301F-11D3-BF4B-00C04F79EFBC}") = "LTAT_Project", "LTAT_Project\LTAT_Project.csproj", "{1998329D-3E8E-4D35-91D0-B7F6B98115A9}"
EndProject
Project("{FAE04EC0-301F-11D3-BF4B-00C04F79EFBC}") = "Client-2", "Client-2\Client-2.csproj", "{E1AD9F93-8AC3-4531-996F-D97821EAC6BD}"
EndProject
Global
	GlobalSection(SolutionConfigurationPlatforms) = preSolution
		Debug|Any CPU = Debug|Any CPU
		Release|Any CPU = Release|Any CPU
	EndGlobalSection
	GlobalSection(ProjectConfigurationPlatforms) = postSolution
		{1998329D-3E8E-4D35-91D0-B7F6B98115A9}.Debug|Any CPU.ActiveCfg = Debug|Any CPU
		{1998329D-3E8E-4D35-91D0-B7F6B98115A9}.Debug|Any CPU.Build.0 = Debug|Any CPU
		{1998329D-3E8E-4D35-91D0-B7F6B98115A9}.Release|Any CPU.ActiveCfg = Release|Any CPU
		{1998329D-3E8E-4D35-91D0-B7F6B98115A9}.Release|Any CPU.Build.0 = Release|Any CPU
		{E1AD9F93-8AC3-4531-996F-D97821EAC6BD}.Debug|Any CPU.ActiveCfg = Debug|Any CPU
		{E1AD9F93-8AC3-4531-996F-D97821EAC6BD}.Debug|Any CPU.Build.0 = Debug|Any CPU
		{E1AD9F93-8AC3-4531-996F-D97821EAC6BD}.Release|Any CPU.ActiveCfg = Release|Any CPU
		{E1AD9F93-8AC3-4531-996F-D97821EAC6BD}.Release|Any CPU.Build.0 = Release|Any CPU
	EndGlobalSection
	GlobalSection(SolutionProperties) = preSolution
		HideSolutionNode = FALSE
	EndGlobalSection
EndGlobal
